lockfileVersion: 1
packages:
  "@goondan/base@1.0.2":
    version: "1.0.2"
    resolved: "https://goondan-registry.yechanny.workers.dev/%40goondan/base/-/base-1.0.2.tgz"
    integrity: "sha512-jy9HjxmwX5LsI/+g5JfBvrmRqO5aXUb7jW4T5qule9EFzeVG/owAO/J9Pi+leRZ0ESdzvfK50aT4OM2PW/nMpA=="
    dependencies: {}
